
Microsoft Visual Studio Solution File, Format Version 12.00
# Visual Studio Version 17
VisualStudioVersion = 17.5.002.0
MinimumVisualStudioVersion = 10.0.40219.1
Project("{9A19103F-16F7-4668-BE54-9A1E7A4F7556}") = "DesafioFundamentos", "DesafioFundamentos\DesafioFundamentos.csproj", "{43229765-7B84-4AEE-A91F-8216DF199398}"
EndProject
Global
	GlobalSection(SolutionConfigurationPlatforms) = preSolution
		Debug|Any CPU = Debug|Any CPU
		Release|Any CPU = Release|Any CPU
	EndGlobalSection
	GlobalSection(ProjectConfigurationPlatforms) = postSolution
		{43229765-7B84-4AEE-A91F-8216DF199398}.Debug|Any CPU.ActiveCfg = Debug|Any CPU
		{43229765-7B84-4AEE-A91F-8216DF199398}.Debug|Any CPU.Build.0 = Debug|Any CPU
		{43229765-7B84-4AEE-A91F-8216DF199398}.Release|Any CPU.ActiveCfg = Release|Any CPU
		{43229765-7B84-4AEE-A91F-8216DF199398}.Release|Any CPU.Build.0 = Release|Any CPU
	EndGlobalSection
	GlobalSection(SolutionProperties) = preSolution
		HideSolutionNode = FALSE
	EndGlobalSection
	GlobalSection(ExtensibilityGlobals) = postSolution
		SolutionGuid = {23098CB3-1261-4736-9E2E-6D3974ED5E4A}
	EndGlobalSection
EndGlobal
